
Microsoft Visual Studio Solution File, Format Version 12.00
# Visual Studio Version 17
VisualStudioVersion = 17.11.35327.3
MinimumVisualStudioVersion = 10.0.40219.1
Project("{FAE04EC0-301F-11D3-BF4B-00C04F79EFBC}") = "Reading and Writing Files", "Reading and Writing Files\Reading and Writing Files.csproj", "{A964995D-8D9A-40BC-B4DC-7CB5AD717999}"
EndProject
Global
	GlobalSection(SolutionConfigurationPlatforms) = preSolution
		Debug|Any CPU = Debug|Any CPU
		Release|Any CPU = Release|Any CPU
	EndGlobalSection
	GlobalSection(ProjectConfigurationPlatforms) = postSolution
		{A964995D-8D9A-40BC-B4DC-7CB5AD717999}.Debug|Any CPU.ActiveCfg = Debug|Any CPU
		{A964995D-8D9A-40BC-B4DC-7CB5AD717999}.Debug|Any CPU.Build.0 = Debug|Any CPU
		{A964995D-8D9A-40BC-B4DC-7CB5AD717999}.Release|Any CPU.ActiveCfg = Release|Any CPU
		{A964995D-8D9A-40BC-B4DC-7CB5AD717999}.Release|Any CPU.Build.0 = Release|Any CPU
	EndGlobalSection
	GlobalSection(SolutionProperties) = preSolution
		HideSolutionNode = FALSE
	EndGlobalSection
	GlobalSection(ExtensibilityGlobals) = postSolution
		SolutionGuid = {EDE8688E-EB1D-497D-8AF0-B59E7E3239A4}
	EndGlobalSection
EndGlobal
